
Microsoft Visual Studio Solution File, Format Version 12.00
# Visual Studio 15
Project("{FAE04EC0-301F-11D3-BF4B-00C04F79EFBC}") = "Assembly-CSharp", "Assembly-CSharp.csproj", "{8334D5D8-FEB7-388D-CB0F-A262F220AEDB}"
EndProject
Global
	GlobalSection(SolutionConfigurationPlatforms) = preSolution
		Debug|Any CPU = Debug|Any CPU
		Release|Any CPU = Release|Any CPU
	EndGlobalSection
	GlobalSection(ProjectConfigurationPlatforms) = postSolution
		{8334D5D8-FEB7-388D-CB0F-A262F220AEDB}.Debug|Any CPU.ActiveCfg = Debug|Any CPU
		{8334D5D8-FEB7-388D-CB0F-A262F220AEDB}.Debug|Any CPU.Build.0 = Debug|Any CPU
		{8334D5D8-FEB7-388D-CB0F-A262F220AEDB}.Release|Any CPU.ActiveCfg = Release|Any CPU
		{8334D5D8-FEB7-388D-CB0F-A262F220AEDB}.Release|Any CPU.Build.0 = Release|Any CPU
	EndGlobalSection
	GlobalSection(SolutionProperties) = preSolution
		HideSolutionNode = FALSE
	EndGlobalSection
EndGlobal
